
Microsoft Visual Studio Solution File, Format Version 12.00
# Visual Studio Version 17
VisualStudioVersion = 17.7.34009.444
MinimumVisualStudioVersion = 10.0.40219.1
Project("{FAE04EC0-301F-11D3-BF4B-00C04F79EFBC}") = "CodeRefactoring", "CodeRefactoring\CodeRefactoring.csproj", "{08684621-6E58-4299-8DBE-C6EFBA9916C7}"
EndProject
Project("{FAE04EC0-301F-11D3-BF4B-00C04F79EFBC}") = "CodeRefactoring.UnitTests", "CodeRefactoring.UnitTests\CodeRefactoring.UnitTests.csproj", "{E060D5AA-809B-45E3-A816-5E2EB36FA5C5}"
EndProject
Global
	GlobalSection(SolutionConfigurationPlatforms) = preSolution
		Debug|Any CPU = Debug|Any CPU
		Release|Any CPU = Release|Any CPU
	EndGlobalSection
	GlobalSection(ProjectConfigurationPlatforms) = postSolution
		{08684621-6E58-4299-8DBE-C6EFBA9916C7}.Debug|Any CPU.ActiveCfg = Debug|Any CPU
		{08684621-6E58-4299-8DBE-C6EFBA9916C7}.Debug|Any CPU.Build.0 = Debug|Any CPU
		{08684621-6E58-4299-8DBE-C6EFBA9916C7}.Release|Any CPU.ActiveCfg = Release|Any CPU
		{08684621-6E58-4299-8DBE-C6EFBA9916C7}.Release|Any CPU.Build.0 = Release|Any CPU
		{E060D5AA-809B-45E3-A816-5E2EB36FA5C5}.Debug|Any CPU.ActiveCfg = Debug|Any CPU
		{E060D5AA-809B-45E3-A816-5E2EB36FA5C5}.Debug|Any CPU.Build.0 = Debug|Any CPU
		{E060D5AA-809B-45E3-A816-5E2EB36FA5C5}.Release|Any CPU.ActiveCfg = Release|Any CPU
		{E060D5AA-809B-45E3-A816-5E2EB36FA5C5}.Release|Any CPU.Build.0 = Release|Any CPU
	EndGlobalSection
	GlobalSection(SolutionProperties) = preSolution
		HideSolutionNode = FALSE
	EndGlobalSection
	GlobalSection(ExtensibilityGlobals) = postSolution
		SolutionGuid = {D28972BC-96B4-489B-AD55-D426770C70B7}
	EndGlobalSection
EndGlobal
